
Microsoft Visual Studio Solution File, Format Version 11.00
# Visual Studio 2010
Project("{FAE04EC0-301F-11D3-BF4B-00C04F79EFBC}") = "Assembly-CSharp", "Assembly-CSharp.csproj", "{cc74d7be-183f-ab71-2262-6427c43eefe8}"
EndProject
Project("{FAE04EC0-301F-11D3-BF4B-00C04F79EFBC}") = "Assembly-CSharp-Editor", "Assembly-CSharp-Editor.csproj", "{7a5ddae6-7983-48b0-2d31-543c7e257655}"
EndProject
Global
	GlobalSection(SolutionConfigurationPlatforms) = preSolution
		Debug|Any CPU = Debug|Any CPU
	EndGlobalSection
	GlobalSection(ProjectConfigurationPlatforms) = postSolution
		{cc74d7be-183f-ab71-2262-6427c43eefe8}.Debug|Any CPU.ActiveCfg = Debug|Any CPU
		{cc74d7be-183f-ab71-2262-6427c43eefe8}.Debug|Any CPU.Build.0 = Debug|Any CPU
		{7a5ddae6-7983-48b0-2d31-543c7e257655}.Debug|Any CPU.ActiveCfg = Debug|Any CPU
		{7a5ddae6-7983-48b0-2d31-543c7e257655}.Debug|Any CPU.Build.0 = Debug|Any CPU
	EndGlobalSection
	GlobalSection(SolutionProperties) = preSolution
		HideSolutionNode = FALSE
	EndGlobalSection
EndGlobal
